# This file is automatically @generated by Poetry 1.8.3 and should not be changed by hand.

[[package]]
name = "six"
version = "1.17.0"
description = "Python 2 and 3 compatibility utilities"
optional = false
python-versions = "!=3.0.*,!=3.1.*,!=3.2.*,>=2.7"
files = [
    {file = "six-1.17.0-py2.py3-none-any.whl", hash = "sha256:4721f391ed90541fddacab5acf947aa0d3dc7d27b2e1e8eda2be8970586c3274"},
    {file = "six-1.17.0.tar.gz", hash = "sha256:ff70335d468e7eb6ec65b95b99d3a2836546063f63acc5171de367e834932a81"},
]

[[package]]
name = "zss"
version = "1.2.0"
description = "Tree edit distance using the Zhang Shasha algorithm"
optional = false
python-versions = "*"
files = [
    {file = "zss-1.2.0.tar.gz", hash = "sha256:07bb937441929ccb82961f4f7b80fbce9e2b20d0e46ddcbcbc1fcb094f585b50"},
]

[package.dependencies]
six = "*"

[metadata]
lock-version = "2.0"
python-versions = "^3.9"
content-hash = "234397f3cb37c30179b1c60217cc15765518f7bec85666905329f9abb1033545"
